{
  "schema": "https://soa-harness.org/schemas/v1.0/pin-lock.schema.json",
  "description": "Pins this validator to a specific SOA-Harness specification commit. The must-maps, test vectors, and schemas that define 'conformant' behavior are read from the spec repo at exactly this commit. Bumping is a reviewable action; never bump silently.",
  "spec_repo": "https://github.com/wleeb1010/soa-harness-specification",
  "spec_commit_sha": "a9a92827ec26a472fc6ead653718982710890152",
  "spec_commit_date": "2026-04-20",
  "spec_manifest_sha256": "952e125748364764bacf19243968e8fad211048167b9f82b1806485a3ebb402e",
  "spec_manifest_status": "placeholder",
  "pin_history": [
    {"sha": "559dec8588441bc29639190870e4541146242b90", "bumped_to": "a9a92827ec26a472fc6ead653718982710890152", "reason": "adopt JCS parity vectors (commit 2e0a3fc) + license split (commit 2a66ddf) + regenerated MANIFEST (commit a9a9282). Coordinated lockstep bump with sibling soa-harness-impl."}
  ],
  "consumed_artifacts": {
    "soa-validate-must-map.json": "the 213-test catalog this validator runs",
    "ui-validate-must-map.json": "UI-profile test catalog",
    "schemas/": "JSON Schema 2020-12 validators used to verify implementation artifacts",
    "test-vectors/": "pinned golden outputs the validator checks implementations against",
    "test-vectors/jcs-parity/": "cross-language JCS byte-equivalence ground truth (Go side uses canonicaljson-go)"
  },
  "pin_bump_protocol": "Open GitHub issue on this repo announcing intent to bump. Identify which spec commits are being adopted and which test-IDs or vectors are affected. Wait 24h for sibling-session (soa-harness-impl) acknowledgment. Merge in lockstep — validator and implementation never ship against mismatched spec commits. A validator that pins to a different spec commit than the implementation it tests is diagnosing the wrong system.",
  "next_review": "After each spec-repo commit that touches soa-validate-must-map.json, schemas/, test-vectors/, or the two Markdown spec files."
}
