{
  "schema": "https://soa-harness.org/schemas/v1.0/pin-lock.schema.json",
  "description": "Pins this validator to a specific SOA-Harness specification commit. The must-maps, test vectors, and schemas that define 'conformant' behavior are read from the spec repo at exactly this commit. Bumping is a reviewable action; never bump silently.",
  "spec_repo": "https://github.com/wleeb1010/soa-harness-specification",
  "spec_commit_sha": "45bd9df1522723219624f53cef8fcec95dcc92c1",
  "spec_commit_date": "2026-04-23",
  "spec_manifest_sha256": "d4ac163a857cf0d7b343a8d15bca0b51516f1f6cd64fd60d0ede9709ef696b47",
  "spec_manifest_status": "placeholder",
  "pin_history": [
    {"sha": "d71c83d631ae22ae594fb9cb14bb1c0f254f90f1", "bumped_to": "45bd9df1522723219624f53cef8fcec95dcc92c1", "reason": "adopt L-58 + §8.1 errata (commit 45bd9df) — M5 Phase 0+1 closure. Phase 1 sqlite backend's live validator sweep (49→93 pass) surfaced three-way drift on add_memory_note wire signature: validator probe shipped {note:{content,tags,importance}} (nested); impl mock + sqlite + Runner client shipped canonical {summary, data_class, session_id, note_id?, tags?, importance?}; §8.1 prose shipped an under-specified third shape that didn't honor §10.7.2 (data_class persistence binding) or §8.5 (session_id for sharing_policy). L-58 adopts the impl's canonical shape as normative §8.1 post-errata — response is {note_id, created_at}; data_class='sensitive-personal' → MemoryDeletionForbidden(sensitive-class-forbidden); session_id required so sharing_policy can be enforced per-call. Validator-side probe flipped to canonical shape in commit a6c333c alongside this pin-bump; SV-MEM-08 live-backend probe now asserts {note_id, created_at} response + tombstone {tombstone_id, deleted_at} lifecycle. memmock.go handleAddMemoryNote still parses pre-L-58 {note, tags, importance} — not in the path of any active subprocess test, tracked as follow-up drift fix. Test-vectors/memory-mcp-mock/README.md signature row updated in spec repo to carry canonical shape. Manifest d4ac163a857cf0d7b343a8d15bca0b51516f1f6cd64fd60d0ede9709ef696b47 verified byte-for-byte against `git show 45bd9df:MANIFEST.json | sha256sum`."},
    {"sha": "654dc7b2698d30bcbf7a4392503ba26c0ddd9c4b", "bumped_to": "d71c83d631ae22ae594fb9cb14bb1c0f254f90f1", "reason": "adopt L-53 through L-57 in a single bump (commits dc31839, 1184b62, 0a257af, 28e6460, d71c83d) spanning M4 exit + M5 kickoff. L-53: M4 adoption gate revised to solo multi-environment verification. L-54: M4 exit criteria is two-run composition — supersedes L-52's single-URL 156/0/6/0 aspirational target; correct model is native :7700 (152/0/10/0) + adapter :7701 (4/0/158/0) combined via --adapter auto-scope (validator commit 610fdac). L-55: v1.0.0-rc.1 tagged on impl + validate; M4 exit reached. L-56: M5 kickoff — §8.1 tool-surface lockdown (6 tools, not 3: add_memory_note / search_memories / search_memories_by_time / read_memory_note / consolidate_memories / delete_memory_note); §8.7 Memory MCP Backend Implementations informative stub; schemas/backend-conformance-report.schema.json for --memory-backend=<name> aggregation. Validator-side M5 Phase 0 landed: memmock drift fix (ea36292), --memory-backend flag (f675d4d). L-57: notes→hits wire-shape flip scheduled and documented in test-vectors/memory-mcp-mock/README.md; search_memories + search_memories_by_time response field flips from the legacy notes (drift from an earlier revision) to the spec-canonical hits. Validator-side Phase 0d landed: memmock wire flip + memProbeEnv session-dir isolation (3604219) — latter was required because CWD-inherited ./sessions accumulation starves the §8.3 memory readiness probe (same class as SV-REG-03). Verification: native 152/0/10/0 + adapter rc.2 4/0/158/0, no regressions. Manifest e27041fbf01f38a883e26a5f2c39e71e9346cb8609aaac70b30b2a0d01a3d329 verified byte-for-byte against git show d71c83d:MANIFEST.json."},
    {"sha": "c087a38d30d8092d590a0cc7cd54d2f8a0ae2d66", "bumped_to": "654dc7b2698d30bcbf7a4392503ba26c0ddd9c4b", "reason": "adopt L-52 (commit 654dc7b) — M4 kickoff. New normative sections: §14.6 LangGraph Event Mapping (§14.6.1 direct mappings + §14.6.2 synthetic events + §14.6.4 adapter-declared deviations) and §18.5 Adapter Conformance (§18.5.1 host_framework declaration + §18.5.2 pre-dispatch interception invariant + §18.5.3 required conformance tests + §18.5.4 documented exceptions + §18.5.5 validator --adapter=<langgraph|crewai|autogen|langchain-agents|custom> flag contract). Must-map +4 tests (230→234): SV-ADAPTER-01 Adapter Card injection (card.adapter_notes.host_framework MUST equal --adapter value; card-vs-invocation-mismatch / missing-adapter-declaration failure reasons); SV-ADAPTER-02 Pre-dispatch permission interception (deny-PDA → no ToolResult/ToolError for same tool_call_id in /events/recent; post-dispatch-permission / advisory-mode-not-core-conformant failures); SV-ADAPTER-03 LangGraph event mapping (test-vectors/langgraph-adapter/simple-agent-trace.json fixture; emitted-vs-expected sequence comparison with §14.6.4 deviation substitution; event-mapping-silent-deviation failure); SV-ADAPTER-04 Adapter audit forwarding (chain verify + retention_class ∈ {dfa-365d, standard-90d} per §10.5.6; audit-chain-broken / retention-class-missing failures). Phase 7 execution_order entry added covering the 4 adapter tests. 230 pre-existing tests remain orphan-free; no regressions expected to current 152/0/6/0 — SV-ADAPTER-01..04 skip-when-flag-unset. Validator-side: this pin-bump is lock-only; CLI flag plumbing + handler skeletons follow in separate commits per the impl-session non-blocking-prep plan. Manifest 4cc0cd89f56bdf4aec4feb16f27ac5bfb87cfd93846ca687e3c55743bc73b439 verified byte-for-byte against git show 654dc7b:MANIFEST.json."},
    {"sha": "5d3054562635794a130ca0a7c0a4e79a5756e7fc", "bumped_to": "c087a38d30d8092d590a0cc7cd54d2f8a0ae2d66", "reason": "L-51 SOA rebrand to Secure Operating Agents (docs-only; zero wire-format change). Acronym preserved; all soa-* identifiers unchanged. Spec-side rewrites: README.md + Core spec title banner. Validator-repo sweep: zero prose hits — validator docs never carried the aspirational 'Self-Operating' / 'Self-Optimizing' expansion. No Go source changes; CGC symbol count unchanged by construction. Manifest 3a983a4d6f065a93ab6f008e7b06e3ed4caac106dba449da9d1cccca7a884057 verified byte-for-byte."},
    {"sha": "782735c9c3627f5c8ebc0b28464e193afc73c8b2", "bumped_to": "5d3054562635794a130ca0a7c0a4e79a5756e7fc", "reason": "adopt L-50 (commit 5d30545) — closes V-9b validator-side wire-up gap BB-ext surfaced while writing Autonomous-kid probes against impl's L-49 EscalationCoordinator. §10.6.3 POST /handlers/enroll now REQUIRES `role ∈ {Interactive, Coordinator, Autonomous}` field (201 response echoes role). SV-PERM-03/04 probe path: operator-bearer enrolls a fresh Autonomous-role kid via /handlers/enroll, signs triggering PDA with that kid, submits to /permissions/decisions against a Mutating tool — §10.4.1 escalation state-machine fires; with silence → 403 escalation-timeout; with Autonomous approve written to SOA_HANDLER_ESCALATION_RESPONDER → 403 hitl-required(autonomous-insufficient). Two companion findings routed to impl queue: BE-ext (SV-PERM-14 — expose last_crl_refresh_at on /health or crl-refresh-complete system-log records) + BI-impl (SV-PERM-16 — audit-row builder populates retention_class from session.granted_activeMode). Manifest 4cbd08b7dd422474090573c96c8c6673fd16d655fd878d11d910a80ed0e5c3a8 verified byte-for-byte."},
    {"sha": "177f211f78a3c07f350c8977c40d1ff943a28e34", "bumped_to": "782735c9c3627f5c8ebc0b28464e193afc73c8b2", "reason": "adopt L-49 (commit 782735c) — closes final V-9b Finding BB. §10.4 extended + new §10.4.1 Autonomous-to-Interactive escalation state-machine + §10.4.2 two normative env hooks (RUNNER_HANDLER_ESCALATION_TIMEOUT_MS + SOA_HANDLER_ESCALATION_RESPONDER, loopback-only production-guard, same §5.3.3 pattern). Spec matches the exact proposed fix shape in my BB diagnostic. Must-map SV-PERM-03/SV-PERM-04 assertions sharpened to cite §10.4.1 state-machine + §10.4.2 env names. Unblocks validator probe (post-impl): subprocess with tick=500ms + responder tempfile, submit high-risk Autonomous-signed PDA, observe 403 {reason:escalation-timeout} on silence or 403 {reason:hitl-required, detail:autonomous-insufficient} on Autonomous self-approve attempt. All 9 V-9b SV-PERM findings (BB..BJ) now have normative spec clauses; impl-side ships pending. Manifest 1ee288233528042dea7a6b8615265ae92a408f820d31d87970e4b815ca3651de verified byte-for-byte."},
    {"sha": "eb5aedb2ab764c7ed6de78f144dd67975870aa05", "bumped_to": "177f211f78a3c07f350c8977c40d1ff943a28e34", "reason": "adopt L-48 (commit 177f211) — closes 8 of 9 V-9b SV-PERM Findings (BC/BD/BE/BF/BG/BH/BI/BJ) with full normative spec clauses. NEW NORMATIVE: §10.5.5 WORM Sink Modeling Test Hook + sink_timestamp schema (BC → SV-PERM-06/07); §10.5.7 POST /audit/reader-tokens endpoint (BJ → SV-PERM-17); §10.6.2 SOA_HANDLER_ENROLLED_AT env hook (BD → SV-PERM-08) + RUNNER_HANDLER_CRL_POLL_TICK_MS env hook + SOA_HANDLER_KEYPAIR_OVERLAP_DIR env hook (BF → SV-PERM-10); §10.6.3 POST /handlers/enroll endpoint (BG → SV-PERM-12); §10.6.4 GET /security/key-storage endpoint (BH → SV-PERM-13); §10.6.5 retroactive SuspectDecision admin-row + schema oneOf third branch (BE → SV-PERM-09/14/15); §10.6.6 retention_class schema + derivation rule (BI → SV-PERM-16). NEW FIXTURE: test-vectors/handler-keypair-overlap/ with 2 Ed25519 keys + deterministic generator.mjs (overlap window 2026-04-22 → 2026-04-23). Must-map SV-PERM-06/07/08/09/10/12/13/14/15/16/17 assertions all sharpened to reference new sections + env hooks + fixture paths. Finding BB (§10.4 escalation-timeout → SV-PERM-03/04) STILL OPEN pending spec clause. Finding BA (impl AGENTS.md entrypoint threading) + AE (impl CrashEvent emission) + AV/AW (impl HR-07/HR-11 enforcement) still pending impl-side work. Manifest 7f61f254f0de1ebea64404588d10e43a15887763f8bf31d4e0d814abb4773af4 verified byte-for-byte."},
    {"sha": "aa49770890a2ef01c0bec1d4701a9aad6f9a2509", "bumped_to": "eb5aedb2ab764c7ed6de78f144dd67975870aa05", "reason": "adopt L-47 (commit eb5aedb) — closes SV-STR-10 observability half of Finding AE via new §14.5.5 Post-Crash Observation via Admin Scope. /events/recent gains `admin:read` as alternative auth path to sessions:read:<session_id>; with admin:read the session_id query param is OPTIONAL, the response returns events across ALL sessions in the current process boot (including pre-crash-resumed sessions), rate-limited at 60 rpm (vs 120 rpm session-scope), with type=<enum> filter support. SV-STR-10 probe shape: kill-restart-poll with admin:read bearer + ?type=CrashEvent. Must-map SV-STR-10 assertion cites §14.5.5 + admin:read choreography. Impl AE still pending (a) CrashEvent emission from boot-scan resume-with-open-bracket path + (b) admin:read bearer minting surface. Manifest 7cd569c93a108f616a7526da093b3f8abae902674122edde41c6f8896e29100b verified byte-for-byte."},
    {"sha": "bebc6bd16d3cd78d71713895fc540efab049bf1e", "bumped_to": "aa49770890a2ef01c0bec1d4701a9aad6f9a2509", "reason": "adopt L-46 (commit aa49770) — closes AY + AZ surfaced from V-11 AT live-probe wire-up. (1) AY: test-vectors/agents-md-denylist/AGENTS.md rewritten §7.2-compliant (# AGENTS H1 + 7 required H2s + entrypoint: agent.py under Self-Improvement Policy + existing ### Deny block preserved). SV-REG-04 flips FAIL → PASS. (2) AZ: all 4 card variants (conformance-card/, conformance-card-v1_1/, conformance-card-low-budget/, conformance-card-memory-project/) now declare self_improvement.entrypoint_file: 'agent.py'. Activates AT entrypoint-mismatch gate against the entrypoint-mismatch grammar fixture (which declares entrypoint: wrong-entrypoint.py). SV-AGENTS-08 flips skip → pass. SV-BOOT-04 calibrations acknowledged in L-46 as impl-conformant (no spec change). Manifest 91b49dcd91b36755511df01db8857e1b82b72b9ed4383e37160d25f393deb93f verified byte-for-byte."},
    {"sha": "82b53321457566d6e4065fd52bf1cfc3fe70f2e7", "bumped_to": "bebc6bd16d3cd78d71713895fc540efab049bf1e", "reason": "adopt L-44 (commit bebc6bd) — closes Finding AS from V-10. test-vectors/jwt-clock-skew/{iat-in-window.jwt, iat-past.jwt, iat-future.jwt, exp-expired.jwt} + generate.mjs deterministic regenerator + README.md. T_REF=2026-04-22T12:00:00Z reference clock pinned; all four JWTs Ed25519-signed by handler-keypair (alg=EdDSA, kid=soa-conformance-test-handler-v1.0, typ=JWT). Scenarios: iat-in-window(iat=T_REF, exp=T_REF+300)→accept; iat-past(iat=T_REF-60)→AuthFailed(iat-past-skew); iat-future(iat=T_REF+60)→AuthFailed(iat-future-skew); exp-expired(exp=T_REF-100)→AuthFailed(exp-expired). Choreography: RUNNER_TEST_CLOCK=T_REF (§10.6.1) + submit each JWT as bearer. Validator-side shape-gate probe verifies fixtures pure-vector (Ed25519 signature verify + ±30s window computation against T_REF); live-path awaits impl JWT bearer verification surface. Manifest 94bf2a1b4b41c39a25a1d581da453c13cd770ee69e6a0841f444ca0dd2edc11e verified byte-for-byte."},
    {"sha": "a9c264ba66dca979c96cdbf7ce7488d8092393e5", "bumped_to": "82b53321457566d6e4065fd52bf1cfc3fe70f2e7", "reason": "adopt L-43 (commit 82b5332) — closes all 3 SV-BOOT env-hook Findings in one spec bundle. (1) Finding AP: §5.3.3 normative + test-vectors/dnssec-bootstrap/{valid,empty,missing-ad-bit}.json fixture trio for the DNSSEC TXT bootstrap channel. (2) Finding AQ: §5.3.3 adds RUNNER_BOOTSTRAP_POLL_TICK_MS + SOA_BOOTSTRAP_REVOCATION_FILE normative env vars so validator can drive the rotation/compromise flow sub-second instead of the 24h default. (3) Finding AR: §5.3.3 adds SOA_BOOTSTRAP_SECONDARY_CHANNEL env + test-vectors/bootstrap-secondary-channel/initial-trust.json dissenting-kid fixture for the split-brain probe. Must-map SV-BOOT-03/04/05 assertions sharpened to specify env-hook usage + fixture paths + observability expectations. SV-BOOT flips land once impl ships AP/AQ/AR impl-side (same production-guard pattern as AC/AD/AH/AK). Manifest 8373c14a91b2750aaa13d561d5958898f08daf95959250bbf84c1760799b70ac verified byte-for-byte."},
    {"sha": "f12f2581455b55f69e9d2760755945f07914e8f7", "bumped_to": "a9c264ba66dca979c96cdbf7ce7488d8092393e5", "reason": "adopt L-42 (commit a9c264b) — closes Findings AL + AM surfaced during V-9a wire-up. (1) Finding AL: test-vectors/conformance-card-precedence-violation/agent-card.json ships — card intentionally sets agentType=explore + permissions.activeMode=DangerFullAccess, which violates §10.3 three-axis tightening (explore-class sees only ReadOnly per §11.2, so DFA is loosening not tightening). Runner MUST refuse to pass /ready + emit ConfigPrecedenceViolation on /logs/system/recent category=Config. Unblocks SV-CARD-10 via subprocess probe. (2) Finding AM: test-vectors/program-md/{program.md, program.md.jws, program.md.x5t.jws, generate.mjs, README.md} ships — detached JWS over raw UTF-8 (NOT JCS) per §9.2, alg=EdDSA, typ=soa-program+jws, kid=soa-conformance-test-handler-v1.0, signed with the pinned handler-keypair. Basic .jws tests SV-SIGN-02; .x5t.jws (x5t#S256=dJ8_1Gjlp-fmYEtxyBK2a0V5Mii1V6ROJTiO0HqFkeM, base64url-no-pad of SPKI-SHA256 749f3fd4...91e3) tests SV-SIGN-05's two-step signer resolution (decode x5t#S256 → match anchor.spki_sha256 → verify anchor.publisher_kid == header.kid). Deterministic regeneration via generate.mjs + handler-keypair seed. SV-CARD-04 self-correction noted (validator's over-strict kid-in-anchor-set assertion; §6.1 mandates cert-chain crypto validation, not kid identity). Manifest 6b56d07f9e6d2de196a09842afa3292a0ecce2ca75318a7f8fa02aaa0afc5109 verified byte-for-byte."},
    {"sha": "3721423d7310e81775ba91a3ea7c1b477881d678", "bumped_to": "f12f2581455b55f69e9d2760755945f07914e8f7", "reason": "adopt L-41 (commit f12f258) — closes both spec gaps Validator's T-12 wire-up surfaced. (1) Finding AI: schemas/agent-card.schema.json security gains optional `data_residency: array<string pattern ^[A-Z]{2}$, uniqueItems>` per §10.7 step 5; mtch impl `card.security?.data_residency` read at start-runner.ts:629 — SV-PRIV-05 now wireable via subprocess + temp card with security.data_residency=['US']. (2) Finding AJ: schemas/audit-records-response.schema.json now `oneOf`-discriminated on `decision`: decision-audit rows keep the §10.5 required set; admin-audit rows (SubjectSuppression, SubjectExport, ResidencyCheck — three new enum entries) require only the reduced 8-field set (id, timestamp, session_id, subject_id, decision, reason, prev_hash, this_hash). Both shapes share the hash-chain. Eliminates the chain-pollution cascade that broke HR-14/SV-AUDIT-RECORDS-01/02/SV-PERM-21 — any future /privacy/delete_subject call now produces schema-valid audit rows. NEW normative: §10.5.4 Admin Audit Record Subtypes defining the three subtypes + required-field contract + hash-chain participation. Manifest c637248273237444df84ceaa4a56712a6ee8e0d8a03a75c2ed128df022f41e0b verified byte-for-byte. SV-PRIV-05 ride-along: skip → pass once handler swap lands."},
    {"sha": "a180915f176368e1ed098bcdcb9955bda687fa2c", "bumped_to": "3721423d7310e81775ba91a3ea7c1b477881d678", "reason": "adopt L-40 (commit 3721423) — closes all three spec-side items I routed last pass: (1) `schemas/audit-records-response.schema.json` + §14.1.1 PermissionDecision payload now carry optional `billing_tag` field, unblocking SV-BUD-05 end-to-end embed once impl wires it (Finding AB); (2) §8.4.1 adds the `RUNNER_CONSOLIDATION_TICK_MS` + `RUNNER_CONSOLIDATION_ELAPSED_MS` test hooks so validator can drive the scheduler in seconds instead of 24h (Finding AC); (3) HR-06 retagged M3 → M4 (compaction needs LLM streaming, same class as SV-STR-11). Milestone tally 136 → 135 M3 / 11 → 12 M4 / M3 skip budget 16 → 15 (4 pre-budgeted + 11 real-slip). No validator code change strictly required for the pin-bump itself (consumed schemas reload on next run); impl findings AA/AB/AC/AD/AE still pending ship. Manifest b3672bb3…a2f1 verified byte-for-byte."},
    {"sha": "39e376e35f66853c8db7944c8a55ae93d566f51e", "bumped_to": "a180915f176368e1ed098bcdcb9955bda687fa2c", "reason": "adopt L-39 (commit a180915) — two conformance card fixture variants that unblock the SV-BUD-02 + SV-MEM-06 probes I asked for after Findings O/V shipped card-driven paths. (1) `test-vectors/conformance-card-low-budget/agent-card.json` pins tokenBudget.maxTokensPerRun=1000 + billingTag=conformance-test-low-budget, so one decision at 512-token per-turn estimate already tips the projection over budget; validator drives → SessionEnd{stop_reason:BudgetExhausted} without a 200k-token marathon. (2) `test-vectors/conformance-card-memory-project/agent-card.json` pins memory.enabled=true + mcp_endpoint=mcp://127.0.0.1:8001/ + memory.sharing_policy=project, so the validator can assert card.memory.sharing_policy flows through to search_memories.sharing_scope=\"project\" via the pinned mock. Naming note: spec §7.318 uses memory.sharing_policy on the card; §8.1.541 uses sharing_scope as the search_memories parameter — same value, different surface. Manifest 23f4228b…7337 verified byte-for-byte."},
    {"sha": "c33a41156e1c56ddb695b5d2f899e683bd78eb01", "bumped_to": "39e376e35f66853c8db7944c8a55ae93d566f51e", "reason": "adopt L-38 (commit 39e376e) — closes both V-9c spec gaps I routed. (1) §14.5.4 GET /logs/system/recent?session_id=<sid>&category=<cat> defines the System Event Log observation surface I flagged for SV-MEM-04 terminology — validators now observe non-terminal MemoryDegraded as a warn-level log record with code=MemoryDegraded; terminal 3-consecutive observes unchanged via SessionEnd.stop_reason. New schema schemas/system-log-recent-response.schema.json carries a 12-category closed enum. (2) memory-mcp-mock README now matches §8.1 exactly: {search_memories, search_memories_by_time, read_memory_note, consolidate_memories, delete_memory_note}; write_memory removed; delete_memory_note gains idempotency + tombstone semantics. Four impl findings S/T/U/V routed separately for SV-MEM-03 startup-probe / SV-MEM-04 threshold-3 gating / SV-MEM-05 consolidation trigger / SV-MEM-06 sharing_scope surface. Manifest cb9df5ff…39cb verified byte-for-byte."},
    {"sha": "038ba1bdf27db2141b985655272f033f820d6f2a", "bumped_to": "c33a41156e1c56ddb695b5d2f899e683bd78eb01", "reason": "adopt L-36 + L-37 (commits e77dba2 + c33a411). L-36 resolves 3 of the 5 V-9a routing items in one drop: (1) §14.5.2 GET /observability/otel-spans/recent — new normative endpoint closing the OTel observation-surface gap I flagged (SV-STR-06/07 newly probe-able), (2) §14.5.3 GET /observability/backpressure — new normative endpoint closing the ObservabilityBackpressure observation gap (SV-STR-08 newly probe-able), (3) SV-STR-11 + SV-STR-16 retagged M3 → M4. Two new schemas shipped: schemas/otel-spans-recent-response.schema.json + schemas/backpressure-status-response.schema.json. L-37 retags SV-BUD-03 M3 → M4 + records V-9b validator punch-list findings at the spec. Net: M3: 136 / M4: 11 / M5: 60 / M2: 22 / M1: 1; M3 skip budget 19 → 16 (4 pre-budgeted + 12 real-slip headroom). Manifest SHA 7df9df4166afca…9878 verified byte-for-byte against the user-routed value."},
    {"sha": "5e9727782dcbb5b8c93cd260718517271eafd756", "bumped_to": "038ba1bdf27db2141b985655272f033f820d6f2a", "reason": "adopt L-35 §14.1 enum 25→27 + AGENTS.md denylist fixture (commit 038ba1b). Root-cause fixes routed to spec from validator M3 findings: (1) SV-HOOK-07 adds PreToolUseOutcome + PostToolUseOutcome to §14.1 closed enum per §19.4 errata; payload $defs carry outcome + digest_before/after so validator can observe replace_args / replace_result via stream. (2) SV-REG-04 dual gap: §11.2.1 adds SOA_RUNNER_AGENTS_MD_PATH env-var test hook (same production-guard pattern as §11.3.1); test-vectors/agents-md-denylist/{AGENTS.md,tools-with-denied.json,README.md} ships as pinned fixture. Assertion updates in must-map: SV-HOOK-05/06 reference new StreamEvent observation via digest_before≠digest_after; SV-HOOK-07 specifies sequence-monotonicity across 27-value enum; SV-STR-02 + SV-STR-OBS-01 bump enum-count 25→27. Full SHA obtained via git rev-parse per F-05 guardrail. NOTE: origin/main is one commit behind local at bump time — spec push required before CI; manifest bytes verified byte-for-byte against user-claimed 593e8de7…3603."},
    {"sha": "559dec8588441bc29639190870e4541146242b90", "bumped_to": "a9a92827ec26a472fc6ead653718982710890152", "reason": "adopt JCS parity vectors (commit 2e0a3fc) + license split (commit 2a66ddf) + regenerated MANIFEST (commit a9a9282). Coordinated lockstep bump with sibling soa-harness-impl."},
    {"sha": "a9a92827ec26a472fc6ead653718982710890152", "bumped_to": "b1497025b2edad68c82176043ec9ef784f243078", "reason": "adopt jcs-parity restructure (commit a5c6b94): inputs/ + generated/ + generate-vectors.mjs eliminates hand-authored expected_canonical values. Resolves Week 0 parity-divergence finding. MANIFEST regenerated (commit b149702). Lockstep bump with soa-harness-impl."},
    {"sha": "b1497025b2edad68c82176043ec9ef784f243078", "bumped_to": "9f79302db2765fb494f62d807528eaf9680817e3", "reason": "adopt JS JCS library correction (commit 9f79302): @filen/rfc8785 does not exist on npm; replaced with canonicalize package by RFC 8785 co-author Samuel Erdtman. MANIFEST regenerated."},
    {"sha": "9f79302db2765fb494f62d807528eaf9680817e3", "bumped_to": "208e5dd9224f128c8ca47f28e83c8d8464d18b19", "reason": "adopt Go JCS library correction (commit 208e5dd): canonicaljson-go implements a different canonical-JSON spec (capital-E exponents, different escape rules) that disagrees with RFC 8785; replaced with gowebpki/jcs v1.0.1 which passes parity against canonicalize TS output byte-for-byte."},
    {"sha": "208e5dd9224f128c8ca47f28e83c8d8464d18b19", "bumped_to": "6c1bc9916472f23dcf237f5634f3ff33baff45e9", "reason": "adopt committed generator output (commit 6c1bc99): test-vectors/jcs-parity/generated/{floats,integers,nested,strings}.json — 47/47 libraries_agree=true across the two RFC-8785 libraries. MANIFEST.json unchanged (generated/ outside manifest scope), so spec_manifest_sha256 stays. Closes Week 0 JCS parity block for soa-validate."},
    {"sha": "6c1bc9916472f23dcf237f5634f3ff33baff45e9", "bumped_to": "1f72bf623ff4c026e505af95445da488b2bc07ed", "reason": "adopt URL-shorthand clarification (commit 1f72bf6); no test-ID or vector change; aligns lock with sibling impl after first live e2e uncovered the shorthand ambiguity."},
    {"sha": "1f72bf623ff4c026e505af95445da488b2bc07ed", "bumped_to": "9d251631ac6cb4b0c423483f540ced69d5b83fa8", "reason": "adopt HR-01 initial-trust + HR-02 CRL state-machine positive-path vectors (commit 9d25163). Upgrades HR-01/HR-02 from negative-only to positive+negative coverage. MANIFEST regen: 63 → 71 supplementary_artifacts."},
    {"sha": "9d251631ac6cb4b0c423483f540ced69d5b83fa8", "bumped_to": "fe74d3931e50f52697d8fab0c07336a9f3bb099e", "reason": "adopt L-01 clock injectability note at §10.6.1 (commit fe74d39) — T_ref harness injection now stands on spec-authored normative text."},
    {"sha": "fe74d3931e50f52697d8fab0c07336a9f3bb099e", "bumped_to": "2eccf6e6fc4c4c55da0afdcff315f50c4f0e9f82", "reason": "adopt §10.3.1 Permission Decision Observability endpoint (commit 2eccf6e). Root-cause fix for Week 2 SV-PERM-01 live-path gap."},
    {"sha": "2eccf6e6fc4c4c55da0afdcff315f50c4f0e9f82", "bumped_to": "e7580b93e5d14911d427556b11b99f5457611188", "reason": "adopt L-10/L-11/L-12 root-cause fixes closing SV-PERM-01 live-path observability chain (commit e7580b9): §10.5.2 GET /audit/tail, §12.6 POST /sessions, test-vectors/tool-registry/ pinned fixture + 24-cell expected-decision matrix."},
    {"sha": "e7580b93e5d14911d427556b11b99f5457611188", "bumped_to": "80680cd76129f4e1d5c4ea43383aa28e0da2c9f2", "reason": "adopt rewritten-plan spec updates (commits ffe30ed + e8b4e9e + 8b35375 + 80680cd): L-13 must-map catalog integration (+5 test IDs, HR-02 M3 deferral), L-15 §10.5.3 /audit/records endpoint, L-16/L-17/L-18 conformance fixtures (HR-12 Agent Card variants, SV-BOOT-01 negative bundles, SV-PERM-01 DangerFullAccess card) — the L-18 conformance card is the root-cause fix for the Week 3 day 3 deployment gap I surfaced. L-19 §10.3.2 POST /permissions/decisions enables end-to-end audit-chain exercise. L-20 session schema sync with §12.1."},
    {"sha": "80680cd76129f4e1d5c4ea43383aa28e0da2c9f2", "bumped_to": "8c10ce9269f426396dbed07e41ac567d1a2f1813", "reason": "adopt L-21 conformance-card fixture schema conformance (commit 8c10ce9). Three fixes per my Week 3 day 3 flag: max_iterations>=1, policyEndpoint removed, SPKI placeholder valid hex64. Unblocks SV-CARD-01 live against the conformance card."},
    {"sha": "8c10ce9269f426396dbed07e41ac567d1a2f1813", "bumped_to": "9ae1825bf2d8f97778b193ec1607f2f26a8b336c", "reason": "adopt L-22 §10.3.2 403 reason enum fix (commit 9ae1825). Error-code rename: missing-scope → insufficient-scope; closed enum {insufficient-scope, session-bearer-mismatch, pda-decision-mismatch, pda-malformed}. Validator-flagged ConfigPrecedenceViolation-vs-missing-scope disagreement resolved at the root."},
    {"sha": "9ae1825bf2d8f97778b193ec1607f2f26a8b336c", "bumped_to": "1971e87d5e625cb6c9c07e8257d12ae61bee7877", "reason": "adopt L-23 §10.3.2 pda-verify-unavailable 503 branch (commit 1971e87). Defines the response shape (503 + error/reason=pda-verify-unavailable) for a deployment without PDA verification configured. Direct root-cause fix for the spec gap I surfaced on SV-PERM-22 — 400 pda-verify-not-configured is now explicitly non-conformant."},
    {"sha": "1971e87d5e625cb6c9c07e8257d12ae61bee7877", "bumped_to": "5849483736674ba86b20339beb548749d86c78e4", "reason": "adopt L-24 pinned handler keypair + pre-signed PDA fixture (commit 5849483). Resolves the SV-PERM-21 happy-path skip I flagged across M1: spec now ships test-vectors/handler-keypair/ (Ed25519 key, SPKI 749f3fd4…91e3, kid soa-conformance-test-handler-v1.0) + test-vectors/permission-prompt-signed/{pda.jws,canonical-decision.json}. Validator can now POST /permissions/decisions with a real-signed PDA against deployments that wire the SPKI into trustAnchors."},
    {"sha": "5849483736674ba86b20339beb548749d86c78e4", "bumped_to": "8624a7a0ea06a7d667870fb03e68775d24e08c57", "reason": "adopt L-26 §10.3.2 pda-malformed enum move from 403 → 400 (commit 8624a7a). Direct root-cause fix for the SV-PERM-22 regression I surfaced after L-24 activation unmasked the code path. Spec now aligns status code (400) with the wire-level-JWS-parse-failure semantic; 403 enum stays reserved for shape-valid-but-semantically-wrong PDAs."},
    {"sha": "0f031dcd29f6ed910b44f249971065e71b29fa33", "bumped_to": "5e9727782dcbb5b8c93cd260718517271eafd756", "reason": "M3 kickoff + rev 2 + L-34 sibling-plan evaluator resolution (commits 00c23c9 + f05f950 + 5e97277): §8.3.1 MemoryDegraded clarified (stop_reason on SessionEnd, not a bare event type), §11.3.1 dynamic-tool-add test hook (SOA_RUNNER_DYNAMIC_TOOL_REGISTRATION), memory-mcp-mock fixture, 4 new observability endpoints + schemas (memory-state, budget-projection, tools-registered, events-recent), SV-CLUS M3→M4 retag, SV-GOV-10/12 M3→M5 retag. M3 test set: 139 tests with 19-test skip budget (4 pre-budgeted: SV-STR-04, SV-GOV-09, SV-MEM-08, HR-13). Exit target: ≥120 M3 green + 22 M2 + 1 M1 retro = ≥143 total across 3 platforms. Full SHA obtained via git rev-parse per plan F-05 guardrail; literal-paste check skipped."},
    {"sha": "8ccddf2be958c006bee1e53b313421a3da83e606", "bumped_to": "0f031dcd29f6ed910b44f249971065e71b29fa33", "reason": "adopt L-32 §10.3.2 response schema additive update (commit 0f031dc): schemas/permission-decision-response.schema.json now defines idempotency_key (string, optional) + replayed (boolean, optional) as recognized properties. §10.3.2 body documents the Idempotency-Key request header → replayed:true response contract (same audit_record_id, no chain advance on replay). Direct root-cause fix for Finding J I surfaced after L-31 wire-up. No validator code change — schema loader re-reads spec-pinned schemas on next run; SV-PERM-20 + SV-PERM-21 auto-flip FAIL → PASS."},
    {"sha": "5fb1af9840c948ef04fcad4279cd47f0f681495e", "bumped_to": "8ccddf2be958c006bee1e53b313421a3da83e606", "reason": "adopt L-31 §12.2 significant-events closed set + permission-decisions marker-boundary map (commit 8ccddf2). Direct root-cause resolution for Finding H I surfaced via per-test drive-on-ready diagnostics. §12.2 now explicitly lists POST /permissions/decisions as a significant event AND maps each §12.5.3 marker (PENDING_WRITE_DONE, TOOL_INVOKE_START/DONE, COMMITTED_WRITE_DONE, DIR_FSYNC_DONE, AUDIT_APPEND_DONE) to its firing boundary during a decision call. Impl gets a clear punch list with explicit markerPhase.side_effect call-site locations per marker. Validator V2-04 harness already consumes markers correctly — no validator-side code change. Expected flips after impl ships wire-up: HR-04, HR-05 (fuller §12.5 pass), SV-SESS-03, SV-SESS-07, SV-SESS-08, SV-SESS-10."},
    {"sha": "507eeb1160adc79adf12c8bae669af1c0ed86ede", "bumped_to": "5fb1af9840c948ef04fcad4279cd47f0f681495e", "reason": "adopt L-29 §12.5 resume-trigger normative points + L-30 v1.1 conformance card (commit 5fb1af9). Direct root-cause resolutions for Findings C and D I surfaced in Day 1 evening-2 run. L-29: §12.5 now specifies exactly when resume_session() is invoked (boot-time sessionDir scan OR lazy-hydrate on /state) — unblocks HR-04, HR-05, SV-SESS-02, SV-SESS-04, SV-SESS-08, SV-SESS-09, SV-SESS-10. L-30: test-vectors/conformance-card-v1_1/agent-card.json shipped as a pinned second fixture (byte-identical to v1.0 except version:1.1.0) — enables SV-SESS-09 two-fixture swap pattern without validator-side card mutation. MANIFEST regenerated."},
    {"sha": "8624a7a0ea06a7d667870fb03e68775d24e08c57", "bumped_to": "507eeb1160adc79adf12c8bae669af1c0ed86ede", "reason": "adopt L-27 M2 kickoff + L-28 M2 rev 2 (commits 6566707 + 507eeb1): §12.5.1 session-state observability with byte-identity predicate excluding generated_at (F-01 fix), §12.5.2 audit-sink failure simulation hook with concrete side-effect clarification, §12.5.3 crash-marker protocol (7 named markers: PENDING_WRITE_DONE, TOOL_INVOKE_START/DONE, COMMITTED_WRITE_DONE, DIR_FSYNC_DONE, AUDIT_APPEND_DONE, AUDIT_BUFFER_WRITE_DONE), §12.5.4 /audit/sink-events channel, tool-registry-m2 fixture + filtered sub-fixtures (compliant-only, non-compliant-only), must-map expanded 222→223 with 6 additional SV-SESS IDs tagged M2 + SV-AUDIT-SINK-EVENTS-01 added + SV-PERM-16/17 formally M3-deferred (F-05), side_effects schema now requires args_digest+first_attempted_at+last_phase_transition_at. NOTE: M2 plan docs/plans/m2.md quotes spec_commit_sha as 507eeb1b0a12..., which does not resolve — real HEAD is 507eeb1160ad...; pinned to the resolvable SHA."}
  ],
  "consumed_artifacts": {
    "soa-validate-must-map.json": "the 234-test catalog this validator runs (M4 L-52: 230→234 via SV-ADAPTER-01..04; L-57 wire-shape flip for search_memories / search_memories_by_time notes→hits)",
    "ui-validate-must-map.json": "UI-profile test catalog",
    "schemas/": "JSON Schema 2020-12 validators used to verify implementation artifacts",
    "test-vectors/": "pinned golden outputs the validator checks implementations against",
    "test-vectors/jcs-parity/generated/": "cross-language JCS byte-equivalence ground truth (TS: canonicalize/Erdtman; Go: gowebpki/jcs). Generator output; hand-editing forbidden."
  },
  "pin_bump_protocol": "Open GitHub issue on this repo announcing intent to bump. Identify which spec commits are being adopted and which test-IDs or vectors are affected. Wait 24h for sibling-session (soa-harness-impl) acknowledgment. Merge in lockstep — validator and implementation never ship against mismatched spec commits. A validator that pins to a different spec commit than the implementation it tests is diagnosing the wrong system.",
  "next_review": "After each spec-repo commit that touches soa-validate-must-map.json, schemas/, test-vectors/, or the two Markdown spec files."
}
